
Microsoft Visual Studio Solution File, Format Version 12.00
# Visual Studio Version 16
VisualStudioVersion = 16.0.29215.179
MinimumVisualStudioVersion = 10.0.40219.1
Project("{FAE04EC0-301F-11D3-BF4B-00C04F79EFBC}") = "GuessingNumberGameUpdate", "GuessingNumberGameUpdate\GuessingNumberGameUpdate.csproj", "{9F721C5C-8704-4068-B427-56856D4FE283}"
EndProject
Global
	GlobalSection(SolutionConfigurationPlatforms) = preSolution
		Debug|Any CPU = Debug|Any CPU
		Release|Any CPU = Release|Any CPU
	EndGlobalSection
	GlobalSection(ProjectConfigurationPlatforms) = postSolution
		{9F721C5C-8704-4068-B427-56856D4FE283}.Debug|Any CPU.ActiveCfg = Debug|Any CPU
		{9F721C5C-8704-4068-B427-56856D4FE283}.Debug|Any CPU.Build.0 = Debug|Any CPU
		{9F721C5C-8704-4068-B427-56856D4FE283}.Release|Any CPU.ActiveCfg = Release|Any CPU
		{9F721C5C-8704-4068-B427-56856D4FE283}.Release|Any CPU.Build.0 = Release|Any CPU
	EndGlobalSection
	GlobalSection(SolutionProperties) = preSolution
		HideSolutionNode = FALSE
	EndGlobalSection
	GlobalSection(ExtensibilityGlobals) = postSolution
		SolutionGuid = {F4EA3F7C-7332-4296-B5C7-A747209278C6}
	EndGlobalSection
EndGlobal
